// !$*UTF8*$!
{
	archiveVersion = 1;
	classes = {
	};
	objectVersion = 110;
	objects = {

/* Begin PBXContainerItemProxy section */
		19900F3F305915570019F9B6 /* PBXContainerItemProxy */ = {
			isa = PBXContainerItemProxy;
			containerPortal = 19900F29305915560019F9B6 /* Project object */;
			proxyType = 1;
			remoteGlobalIDString = 19900F30305915560019F9B6;
			remoteInfo = Selene;
		};
		19900F49305915570019F9B6 /* PBXContainerItemProxy */ = {
			isa = PBXContainerItemProxy;
			containerPortal = 19900F29305915560019F9B6 /* Project object */;
			proxyType = 1;
			remoteGlobalIDString = 19900F30305915560019F9B6;
			remoteInfo = Selene;
		};
/* End PBXContainerItemProxy section */

/* Begin PBXFileReference section */
		19900F31305915560019F9B6 /* Selene.app */ = {isa = PBXFileReference; explicitFileType = wrapper.application; includeInIndex = 0; path = Selene.app; sourceTree = BUILT_PRODUCTS_DIR; };
		19900F3E305915570019F9B6 /* SeleneTests.xctest */ = {isa = PBXFileReference; explicitFileType = wrapper.cfbundle; includeInIndex = 0; path = SeleneTests.xctest; sourceTree = BUILT_PRODUCTS_DIR; };
		19900F48305915570019F9B6 /* SeleneUITests.xctest */ = {isa = PBXFileReference; explicitFileType = wrapper.cfbundle; includeInIndex = 0; path = SeleneUITests.xctest; sourceTree = BUILT_PRODUCTS_DIR; };
/* End PBXFileReference section */

/* Begin PBXFileSystemSynchronizedRootGroup section */
		19900F33305915560019F9B6 /* Selene */ = {
			isa = PBXFileSystemSynchronizedRootGroup;
			path = Selene;
			sourceTree = "<group>";
		};
		19900F41305915570019F9B6 /* SeleneTests */ = {
			isa = PBXFileSystemSynchronizedRootGroup;
			path = SeleneTests;
			sourceTree = "<group>";
		};
		19900F4B305915570019F9B6 /* SeleneUITests */ = {
			isa = PBXFileSystemSynchronizedRootGroup;
			path = SeleneUITests;
			sourceTree = "<group>";
		};
/* End PBXFileSystemSynchronizedRootGroup section */

/* Begin PBXFrameworksBuildPhase section */
		19900F2E305915560019F9B6 /* Frameworks */ = {
			isa = PBXFrameworksBuildPhase;
			files = (
			);
		};
		19900F3B305915570019F9B6 /* Frameworks */ = {
			isa = PBXFrameworksBuildPhase;
			files = (
			);
		};
		19900F45305915570019F9B6 /* Frameworks */ = {
			isa = PBXFrameworksBuildPhase;
			files = (
			);
		};
/* End PBXFrameworksBuildPhase section */

/* Begin PBXGroup section */
		19900F28305915560019F9B6 = {
			isa = PBXGroup;
			children = (
				19900F33305915560019F9B6 /* Selene */,
				19900F41305915570019F9B6 /* SeleneTests */,
				19900F4B305915570019F9B6 /* SeleneUITests */,
				19900F32305915560019F9B6 /* Products */,
			);
			sourceTree = "<group>";
		};
		19900F32305915560019F9B6 /* Products */ = {
			isa = PBXGroup;
			children = (
				19900F31305915560019F9B6 /* Selene.app */,
				19900F3E305915570019F9B6 /* SeleneTests.xctest */,
				19900F48305915570019F9B6 /* SeleneUITests.xctest */,
			);
			name = Products;
			sourceTree = "<group>";
		};
/* End PBXGroup section */

/* Begin PBXNativeTarget section */
		19900F30305915560019F9B6 /* Selene */ = {
			isa = PBXNativeTarget;
			buildConfigurationList = 19900F50305915570019F9B6 /* Build configuration list for PBXNativeTarget "Selene" */;
			buildPhases = (
				19900F2D305915560019F9B6 /* Sources */,
				19900F2E305915560019F9B6 /* Frameworks */,
				19900F2F305915560019F9B6 /* Resources */,
			);
			buildRules = (
			);
			fileSystemSynchronizedGroups = (
				19900F33305915560019F9B6 /* Selene */,
			);
			name = Selene;
			productName = Selene;
			productReference = 19900F31305915560019F9B6 /* Selene.app */;
			productType = "com.apple.product-type.application";
		};
		19900F3D305915570019F9B6 /* SeleneTests */ = {
			isa = PBXNativeTarget;
			buildConfigurationList = 19900F53305915570019F9B6 /* Build configuration list for PBXNativeTarget "SeleneTests" */;
			buildPhases = (
				19900F3A305915570019F9B6 /* Sources */,
				19900F3B305915570019F9B6 /* Frameworks */,
				19900F3C305915570019F9B6 /* Resources */,
			);
			buildRules = (
			);
			dependencies = (
				19900F40305915570019F9B6 /* PBXTargetDependency */,
			);
			fileSystemSynchronizedGroups = (
				19900F41305915570019F9B6 /* SeleneTests */,
			);
			name = SeleneTests;
			productName = SeleneTests;
			productReference = 19900F3E305915570019F9B6 /* SeleneTests.xctest */;
			productType = "com.apple.product-type.bundle.unit-test";
		};
		19900F47305915570019F9B6 /* SeleneUITests */ = {
			isa = PBXNativeTarget;
			buildConfigurationList = 19900F56305915570019F9B6 /* Build configuration list for PBXNativeTarget "SeleneUITests" */;
			buildPhases = (
				19900F44305915570019F9B6 /* Sources */,
				19900F45305915570019F9B6 /* Frameworks */,
				19900F46305915570019F9B6 /* Resources */,
			);
			buildRules = (
			);
			dependencies = (
				19900F4A305915570019F9B6 /* PBXTargetDependency */,
			);
			fileSystemSynchronizedGroups = (
				19900F4B305915570019F9B6 /* SeleneUITests */,
			);
			name = SeleneUITests;
			productName = SeleneUITests;
			productReference = 19900F48305915570019F9B6 /* SeleneUITests.xctest */;
			productType = "com.apple.product-type.bundle.ui-testing";
		};
/* End PBXNativeTarget section */

/* Begin PBXProject section */
		19900F29305915560019F9B6 /* Project object */ = {
			isa = PBXProject;
			attributes = {
				BuildIndependentTargetsInParallel = 1;
				LastSwiftUpdateCheck = 2700;
				LastUpgradeCheck = 2700;
				TargetAttributes = {
					19900F30305915560019F9B6 = {
						CreatedOnToolsVersion = 27.0;
					};
					19900F3D305915570019F9B6 = {
						CreatedOnToolsVersion = 27.0;
						TestTargetID = 19900F30305915560019F9B6;
					};
					19900F47305915570019F9B6 = {
						CreatedOnToolsVersion = 27.0;
						TestTargetID = 19900F30305915560019F9B6;
					};
				};
			};
			buildConfigurationList = 19900F2C305915560019F9B6 /* Build configuration list for PBXProject "Selene" */;
			developmentRegion = en;
			hasScannedForEncodings = 0;
			knownRegions = (
				en,
				Base,
			);
			mainGroup = 19900F28305915560019F9B6;
			minimizedProjectReferenceProxies = 1;
			preferredProjectObjectVersion = 77;
			productRefGroup = 19900F32305915560019F9B6 /* Products */;
			projectDirPath = "";
			projectRoot = "";
			targets = (
				19900F30305915560019F9B6 /* Selene */,
				19900F3D305915570019F9B6 /* SeleneTests */,
				19900F47305915570019F9B6 /* SeleneUITests */,
			);
		};
/* End PBXProject section */

/* Begin PBXResourcesBuildPhase section */
		19900F2F305915560019F9B6 /* Resources */ = {
			isa = PBXResourcesBuildPhase;
			files = (
			);
		};
		19900F3C305915570019F9B6 /* Resources */ = {
			isa = PBXResourcesBuildPhase;
			files = (
			);
		};
		19900F46305915570019F9B6 /* Resources */ = {
			isa = PBXResourcesBuildPhase;
			files = (
			);
		};
/* End PBXResourcesBuildPhase section */

/* Begin PBXSourcesBuildPhase section */
		19900F2D305915560019F9B6 /* Sources */ = {
			isa = PBXSourcesBuildPhase;
			files = (
			);
		};
		19900F3A305915570019F9B6 /* Sources */ = {
			isa = PBXSourcesBuildPhase;
			files = (
			);
		};
		19900F44305915570019F9B6 /* Sources */ = {
			isa = PBXSourcesBuildPhase;
			files = (
			);
		};
/* End PBXSourcesBuildPhase section */

/* Begin PBXTargetDependency section */
		19900F40305915570019F9B6 /* PBXTargetDependency */ = {
			isa = PBXTargetDependency;
			target = 19900F30305915560019F9B6 /* Selene */;
			targetProxy = 19900F3F305915570019F9B6 /* PBXContainerItemProxy */;
		};
		19900F4A305915570019F9B6 /* PBXTargetDependency */ = {
			isa = PBXTargetDependency;
			target = 19900F30305915560019F9B6 /* Selene */;
			targetProxy = 19900F49305915570019F9B6 /* PBXContainerItemProxy */;
		};
/* End PBXTargetDependency section */

/* Begin XCBuildConfiguration section */
		19900F4E305915570019F9B6 /* Debug configuration for PBXProject "Selene" */ = {
			isa = XCBuildConfiguration;
			buildSettings = {
				ALWAYS_SEARCH_USER_PATHS = NO;
				ASSETCATALOG_COMPILER_GENERATE_SWIFT_ASSET_SYMBOL_EXTENSIONS = YES;
				CLANG_ANALYZER_NONNULL = YES;
				CLANG_ANALYZER_NUMBER_OBJECT_CONVERSION = YES_AGGRESSIVE;
				CLANG_CXX_LANGUAGE_STANDARD = "gnu++20";
				CLANG_ENABLE_MODULES = YES;
				CLANG_ENABLE_OBJC_ARC = YES;
				CLANG_ENABLE_OBJC_WEAK = YES;
				CLANG_WARN_BLOCK_CAPTURE_AUTORELEASING = YES;
				CLANG_WARN_BOOL_CONVERSION = YES;
				CLANG_WARN_COMMA = YES;
				CLANG_WARN_CONSTANT_CONVERSION = YES;
				CLANG_WARN_DEPRECATED_OBJC_IMPLEMENTATIONS = YES;
				CLANG_WARN_DIRECT_OBJC_ISA_USAGE = YES_ERROR;
				CLANG_WARN_DOCUMENTATION_COMMENTS = YES;
				CLANG_WARN_EMPTY_BODY = YES;
				CLANG_WARN_ENUM_CONVERSION = YES;
				CLANG_WARN_INFINITE_RECURSION = YES;
				CLANG_WARN_INT_CONVERSION = YES;
				CLANG_WARN_NON_LITERAL_NULL_CONVERSION = YES;
				CLANG_WARN_OBJC_IMPLICIT_RETAIN_SELF = YES;
				CLANG_WARN_OBJC_LITERAL_CONVERSION = YES;
				CLANG_WARN_OBJC_ROOT_CLASS = YES_ERROR;
				CLANG_WARN_QUOTED_INCLUDE_IN_FRAMEWORK_HEADER = YES;
				CLANG_WARN_RANGE_LOOP_ANALYSIS = YES;
				CLANG_WARN_STRICT_PROTOTYPES = YES;
				CLANG_WARN_SUSPICIOUS_MOVE = YES;
				CLANG_WARN_UNGUARDED_AVAILABILITY = YES_AGGRESSIVE;
				CLANG_WARN_UNREACHABLE_CODE = YES;
				CLANG_WARN__DUPLICATE_METHOD_MATCH = YES;
				COPY_PHASE_STRIP = NO;
				DEBUG_INFORMATION_FORMAT = dwarf;
				ENABLE_STRICT_OBJC_MSGSEND = YES;
				ENABLE_TESTABILITY = YES;
				ENABLE_USER_SCRIPT_SANDBOXING = YES;
				GCC_C_LANGUAGE_STANDARD = gnu17;
				GCC_DYNAMIC_NO_PIC = NO;
				GCC_NO_COMMON_BLOCKS = YES;
				GCC_OPTIMIZATION_LEVEL = 0;
				GCC_PREPROCESSOR_DEFINITIONS = (
					"DEBUG=1",
					"$(inherited)",
				);
				GCC_WARN_64_TO_32_BIT_CONVERSION = YES;
				GCC_WARN_ABOUT_RETURN_TYPE = YES_ERROR;
				GCC_WARN_UNDECLARED_SELECTOR = YES;
				GCC_WARN_UNINITIALIZED_AUTOS = YES_AGGRESSIVE;
				GCC_WARN_UNUSED_FUNCTION = YES;
				GCC_WARN_UNUSED_VARIABLE = YES;
				IPHONEOS_DEPLOYMENT_TARGET = 27.0;
				LOCALIZATION_PREFERS_STRING_CATALOGS = YES;
				MTL_ENABLE_DEBUG_INFO = INCLUDE_SOURCE;
				MTL_FAST_MATH = YES;
				ONLY_ACTIVE_ARCH = YES;
				SDKROOT = iphoneos;
				SWIFT_ACTIVE_COMPILATION_CONDITIONS = "DEBUG $(inherited)";
				SWIFT_OPTIMIZATION_LEVEL = "-Onone";
			};
			name = Debug;
		};
		19900F4F305915570019F9B6 /* Release configuration for PBXProject "Selene" */ = {
			isa = XCBuildConfiguration;
			buildSettings = {
				ALWAYS_SEARCH_USER_PATHS = NO;
				ASSETCATALOG_COMPILER_GENERATE_SWIFT_ASSET_SYMBOL_EXTENSIONS = YES;
				CLANG_ANALYZER_NONNULL = YES;
				CLANG_ANALYZER_NUMBER_OBJECT_CONVERSION = YES_AGGRESSIVE;
				CLANG_CXX_LANGUAGE_STANDARD = "gnu++20";
				CLANG_ENABLE_MODULES = YES;
				CLANG_ENABLE_OBJC_ARC = YES;
				CLANG_ENABLE_OBJC_WEAK = YES;
				CLANG_WARN_BLOCK_CAPTURE_AUTORELEASING = YES;
				CLANG_WARN_BOOL_CONVERSION = YES;
				CLANG_WARN_COMMA = YES;
				CLANG_WARN_CONSTANT_CONVERSION = YES;
				CLANG_WARN_DEPRECATED_OBJC_IMPLEMENTATIONS = YES;
				CLANG_WARN_DIRECT_OBJC_ISA_USAGE = YES_ERROR;
				CLANG_WARN_DOCUMENTATION_COMMENTS = YES;
				CLANG_WARN_EMPTY_BODY = YES;
				CLANG_WARN_ENUM_CONVERSION = YES;
				CLANG_WARN_INFINITE_RECURSION = YES;
				CLANG_WARN_INT_CONVERSION = YES;
				CLANG_WARN_NON_LITERAL_NULL_CONVERSION = YES;
				CLANG_WARN_OBJC_IMPLICIT_RETAIN_SELF = YES;
				CLANG_WARN_OBJC_LITERAL_CONVERSION = YES;
				CLANG_WARN_OBJC_ROOT_CLASS = YES_ERROR;
				CLANG_WARN_QUOTED_INCLUDE_IN_FRAMEWORK_HEADER = YES;
				CLANG_WARN_RANGE_LOOP_ANALYSIS = YES;
				CLANG_WARN_STRICT_PROTOTYPES = YES;
				CLANG_WARN_SUSPICIOUS_MOVE = YES;
				CLANG_WARN_UNGUARDED_AVAILABILITY = YES_AGGRESSIVE;
				CLANG_WARN_UNREACHABLE_CODE = YES;
				CLANG_WARN__DUPLICATE_METHOD_MATCH = YES;
				COPY_PHASE_STRIP = NO;
				DEBUG_INFORMATION_FORMAT = "dwarf-with-dsym";
				ENABLE_NS_ASSERTIONS = NO;
				ENABLE_STRICT_OBJC_MSGSEND = YES;
				ENABLE_USER_SCRIPT_SANDBOXING = YES;
				GCC_C_LANGUAGE_STANDARD = gnu17;
				GCC_NO_COMMON_BLOCKS = YES;
				GCC_WARN_64_TO_32_BIT_CONVERSION = YES;
				GCC_WARN_ABOUT_RETURN_TYPE = YES_ERROR;
				GCC_WARN_UNDECLARED_SELECTOR = YES;
				GCC_WARN_UNINITIALIZED_AUTOS = YES_AGGRESSIVE;
				GCC_WARN_UNUSED_FUNCTION = YES;
				GCC_WARN_UNUSED_VARIABLE = YES;
				IPHONEOS_DEPLOYMENT_TARGET = 27.0;
				LOCALIZATION_PREFERS_STRING_CATALOGS = YES;
				MTL_ENABLE_DEBUG_INFO = NO;
				MTL_FAST_MATH = YES;
				SDKROOT = iphoneos;
				SWIFT_COMPILATION_MODE = wholemodule;
				VALIDATE_PRODUCT = YES;
			};
			name = Release;
		};
		19900F51305915570019F9B6 /* Debug configuration for PBXNativeTarget "Selene" */ = {
			isa = XCBuildConfiguration;
			buildSettings = {
				ASSETCATALOG_COMPILER_APPICON_NAME = AppIcon;
				ASSETCATALOG_COMPILER_GLOBAL_ACCENT_COLOR_NAME = AccentColor;
				CODE_SIGN_STYLE = Automatic;
				CURRENT_PROJECT_VERSION = 1;
				ENABLE_PREVIEWS = YES;
				GENERATE_INFOPLIST_FILE = YES;
				INFOPLIST_KEY_UIApplicationSceneManifest_Generation = YES;
				INFOPLIST_KEY_UIApplicationSupportsIndirectInputEvents = YES;
				INFOPLIST_KEY_UILaunchScreen_Generation = YES;
				INFOPLIST_KEY_UISupportedInterfaceOrientations_iPad = "UIInterfaceOrientationPortrait UIInterfaceOrientationPortraitUpsideDown UIInterfaceOrientationLandscapeLeft UIInterfaceOrientationLandscapeRight";
				INFOPLIST_KEY_UISupportedInterfaceOrientations_iPhone = "UIInterfaceOrientationPortrait UIInterfaceOrientationLandscapeLeft UIInterfaceOrientationLandscapeRight";
				LD_RUNPATH_SEARCH_PATHS = (
					"$(inherited)",
					"@executable_path/Frameworks",
				);
				MARKETING_VERSION = 1.0;
				PRODUCT_BUNDLE_IDENTIFIER = com.alexmarkham.Selene;
				PRODUCT_NAME = "$(TARGET_NAME)";
				STRING_CATALOG_GENERATE_SYMBOLS = YES;
				SWIFT_APPROACHABLE_CONCURRENCY = YES;
				SWIFT_DEFAULT_ACTOR_ISOLATION = MainActor;
				SWIFT_EMIT_LOC_STRINGS = YES;
				SWIFT_UPCOMING_FEATURE_MEMBER_IMPORT_VISIBILITY = YES;
				SWIFT_VERSION = 5.0;
				TARGETED_DEVICE_FAMILY = "1,2";
			};
			name = Debug;
		};
		19900F52305915570019F9B6 /* Release configuration for PBXNativeTarget "Selene" */ = {
			isa = XCBuildConfiguration;
			buildSettings = {
				ASSETCATALOG_COMPILER_APPICON_NAME = AppIcon;
				ASSETCATALOG_COMPILER_GLOBAL_ACCENT_COLOR_NAME = AccentColor;
				CODE_SIGN_STYLE = Automatic;
				CURRENT_PROJECT_VERSION = 1;
				ENABLE_PREVIEWS = YES;
				GENERATE_INFOPLIST_FILE = YES;
				INFOPLIST_KEY_UIApplicationSceneManifest_Generation = YES;
				INFOPLIST_KEY_UIApplicationSupportsIndirectInputEvents = YES;
				INFOPLIST_KEY_UILaunchScreen_Generation = YES;
				INFOPLIST_KEY_UISupportedInterfaceOrientations_iPad = "UIInterfaceOrientationPortrait UIInterfaceOrientationPortraitUpsideDown UIInterfaceOrientationLandscapeLeft UIInterfaceOrientationLandscapeRight";
				INFOPLIST_KEY_UISupportedInterfaceOrientations_iPhone = "UIInterfaceOrientationPortrait UIInterfaceOrientationLandscapeLeft UIInterfaceOrientationLandscapeRight";
				LD_RUNPATH_SEARCH_PATHS = (
					"$(inherited)",
					"@executable_path/Frameworks",
				);
				MARKETING_VERSION = 1.0;
				PRODUCT_BUNDLE_IDENTIFIER = com.alexmarkham.Selene;
				PRODUCT_NAME = "$(TARGET_NAME)";
				STRING_CATALOG_GENERATE_SYMBOLS = YES;
				SWIFT_APPROACHABLE_CONCURRENCY = YES;
				SWIFT_DEFAULT_ACTOR_ISOLATION = MainActor;
				SWIFT_EMIT_LOC_STRINGS = YES;
				SWIFT_UPCOMING_FEATURE_MEMBER_IMPORT_VISIBILITY = YES;
				SWIFT_VERSION = 5.0;
				TARGETED_DEVICE_FAMILY = "1,2";
			};
			name = Release;
		};
		19900F54305915570019F9B6 /* Debug configuration for PBXNativeTarget "SeleneTests" */ = {
			isa = XCBuildConfiguration;
			buildSettings = {
				BUNDLE_LOADER = "$(TEST_HOST)";
				CODE_SIGN_STYLE = Automatic;
				CURRENT_PROJECT_VERSION = 1;
				GENERATE_INFOPLIST_FILE = YES;
				IPHONEOS_DEPLOYMENT_TARGET = 27.0;
				MARKETING_VERSION = 1.0;
				PRODUCT_BUNDLE_IDENTIFIER = com.alexmarkham.SeleneTests;
				PRODUCT_NAME = "$(TARGET_NAME)";
				STRING_CATALOG_GENERATE_SYMBOLS = NO;
				SWIFT_APPROACHABLE_CONCURRENCY = YES;
				SWIFT_EMIT_LOC_STRINGS = NO;
				SWIFT_UPCOMING_FEATURE_MEMBER_IMPORT_VISIBILITY = YES;
				SWIFT_VERSION = 5.0;
				TARGETED_DEVICE_FAMILY = "1,2";
				TEST_HOST = "$(BUILT_PRODUCTS_DIR)/Selene.app/$(BUNDLE_EXECUTABLE_FOLDER_PATH)/Selene";
			};
			name = Debug;
		};
		19900F55305915570019F9B6 /* Release configuration for PBXNativeTarget "SeleneTests" */ = {
			isa = XCBuildConfiguration;
			buildSettings = {
				BUNDLE_LOADER = "$(TEST_HOST)";
				CODE_SIGN_STYLE = Automatic;
				CURRENT_PROJECT_VERSION = 1;
				GENERATE_INFOPLIST_FILE = YES;
				IPHONEOS_DEPLOYMENT_TARGET = 27.0;
				MARKETING_VERSION = 1.0;
				PRODUCT_BUNDLE_IDENTIFIER = com.alexmarkham.SeleneTests;
				PRODUCT_NAME = "$(TARGET_NAME)";
				STRING_CATALOG_GENERATE_SYMBOLS = NO;
				SWIFT_APPROACHABLE_CONCURRENCY = YES;
				SWIFT_EMIT_LOC_STRINGS = NO;
				SWIFT_UPCOMING_FEATURE_MEMBER_IMPORT_VISIBILITY = YES;
				SWIFT_VERSION = 5.0;
				TARGETED_DEVICE_FAMILY = "1,2";
				TEST_HOST = "$(BUILT_PRODUCTS_DIR)/Selene.app/$(BUNDLE_EXECUTABLE_FOLDER_PATH)/Selene";
			};
			name = Release;
		};
		19900F57305915570019F9B6 /* Debug configuration for PBXNativeTarget "SeleneUITests" */ = {
			isa = XCBuildConfiguration;
			buildSettings = {
				CODE_SIGN_STYLE = Automatic;
				CURRENT_PROJECT_VERSION = 1;
				GENERATE_INFOPLIST_FILE = YES;
				MARKETING_VERSION = 1.0;
				PRODUCT_BUNDLE_IDENTIFIER = com.alexmarkham.SeleneUITests;
				PRODUCT_NAME = "$(TARGET_NAME)";
				STRING_CATALOG_GENERATE_SYMBOLS = NO;
				SWIFT_APPROACHABLE_CONCURRENCY = YES;
				SWIFT_EMIT_LOC_STRINGS = NO;
				SWIFT_UPCOMING_FEATURE_MEMBER_IMPORT_VISIBILITY = YES;
				SWIFT_VERSION = 5.0;
				TARGETED_DEVICE_FAMILY = "1,2";
				TEST_TARGET_NAME = Selene;
			};
			name = Debug;
		};
		19900F58305915570019F9B6 /* Release configuration for PBXNativeTarget "SeleneUITests" */ = {
			isa = XCBuildConfiguration;
			buildSettings = {
				CODE_SIGN_STYLE = Automatic;
				CURRENT_PROJECT_VERSION = 1;
				GENERATE_INFOPLIST_FILE = YES;
				MARKETING_VERSION = 1.0;
				PRODUCT_BUNDLE_IDENTIFIER = com.alexmarkham.SeleneUITests;
				PRODUCT_NAME = "$(TARGET_NAME)";
				STRING_CATALOG_GENERATE_SYMBOLS = NO;
				SWIFT_APPROACHABLE_CONCURRENCY = YES;
				SWIFT_EMIT_LOC_STRINGS = NO;
				SWIFT_UPCOMING_FEATURE_MEMBER_IMPORT_VISIBILITY = YES;
				SWIFT_VERSION = 5.0;
				TARGETED_DEVICE_FAMILY = "1,2";
				TEST_TARGET_NAME = Selene;
			};
			name = Release;
		};
/* End XCBuildConfiguration section */

/* Begin XCConfigurationList section */
		19900F2C305915560019F9B6 /* Build configuration list for PBXProject "Selene" */ = {
			isa = XCConfigurationList;
			buildConfigurations = (
				19900F4E305915570019F9B6 /* Debug configuration for PBXProject "Selene" */,
				19900F4F305915570019F9B6 /* Release configuration for PBXProject "Selene" */,
			);
			defaultConfigurationName = Release;
		};
		19900F50305915570019F9B6 /* Build configuration list for PBXNativeTarget "Selene" */ = {
			isa = XCConfigurationList;
			buildConfigurations = (
				19900F51305915570019F9B6 /* Debug configuration for PBXNativeTarget "Selene" */,
				19900F52305915570019F9B6 /* Release configuration for PBXNativeTarget "Selene" */,
			);
			defaultConfigurationName = Release;
		};
		19900F53305915570019F9B6 /* Build configuration list for PBXNativeTarget "SeleneTests" */ = {
			isa = XCConfigurationList;
			buildConfigurations = (
				19900F54305915570019F9B6 /* Debug configuration for PBXNativeTarget "SeleneTests" */,
				19900F55305915570019F9B6 /* Release configuration for PBXNativeTarget "SeleneTests" */,
			);
			defaultConfigurationName = Release;
		};
		19900F56305915570019F9B6 /* Build configuration list for PBXNativeTarget "SeleneUITests" */ = {
			isa = XCConfigurationList;
			buildConfigurations = (
				19900F57305915570019F9B6 /* Debug configuration for PBXNativeTarget "SeleneUITests" */,
				19900F58305915570019F9B6 /* Release configuration for PBXNativeTarget "SeleneUITests" */,
			);
			defaultConfigurationName = Release;
		};
/* End XCConfigurationList section */
	};
	rootObject = 19900F29305915560019F9B6 /* Project object */;
	validationLevel = 1;
}
